Microsoft Visual Studio Solution File, Format Version 12.00
# Visual Studio Version 17
VisualStudioVersion = 17.5.2.0
MinimumVisualStudioVersion = 10.0.40219.1
Project("{FAE04EC0-301F-11D3-BF4B-00C04F79EFBC}") = "SyncUpgrades", "SyncUpgrades.csproj", "{079569A6-415D-2EE0-527D-3D8D1F788FC7}"
EndProject
Global
	GlobalSection(SolutionConfigurationPlatforms) = preSolution
		Debug|Any CPU = Debug|Any CPU
		Release|Any CPU = Release|Any CPU
	EndGlobalSection
	GlobalSection(ProjectConfigurationPlatforms) = postSolution
		{079569A6-415D-2EE0-527D-3D8D1F788FC7}.Debug|Any CPU.ActiveCfg = Debug|Any CPU
		{079569A6-415D-2EE0-527D-3D8D1F788FC7}.Debug|Any CPU.Build.0 = Debug|Any CPU
		{079569A6-415D-2EE0-527D-3D8D1F788FC7}.Release|Any CPU.ActiveCfg = Release|Any CPU
		{079569A6-415D-2EE0-527D-3D8D1F788FC7}.Release|Any CPU.Build.0 = Release|Any CPU
	EndGlobalSection
	GlobalSection(SolutionProperties) = preSolution
		HideSolutionNode = FALSE
	EndGlobalSection
	GlobalSection(ExtensibilityGlobals) = postSolution
		SolutionGuid = {8C567412-1026-48A3-B687-BE9B11D15C27}
	EndGlobalSection
EndGlobal
